
Microsoft Visual Studio Solution File, Format Version 12.00
# Visual Studio 15
VisualStudioVersion = 15.0.27004.2005
MinimumVisualStudioVersion = 10.0.40219.1
Project("{FAE04EC0-301F-11D3-BF4B-00C04F79EFBC}") = "OverSurgery", "OverSurgery\OverSurgery.csproj", "{1F30C2AF-E89C-43B1-9215-95BE5B949349}"
EndProject
Project("{FAE04EC0-301F-11D3-BF4B-00C04F79EFBC}") = "GWTests", "GWTests\GWTests.csproj", "{B6B94A02-C5F8-4407-882A-44FEC5549213}"
EndProject
Global
	GlobalSection(SolutionConfigurationPlatforms) = preSolution
		Debug|Any CPU = Debug|Any CPU
		Release|Any CPU = Release|Any CPU
	EndGlobalSection
	GlobalSection(ProjectConfigurationPlatforms) = postSolution
		{1F30C2AF-E89C-43B1-9215-95BE5B949349}.Debug|Any CPU.ActiveCfg = Debug|Any CPU
		{1F30C2AF-E89C-43B1-9215-95BE5B949349}.Debug|Any CPU.Build.0 = Debug|Any CPU
		{1F30C2AF-E89C-43B1-9215-95BE5B949349}.Release|Any CPU.ActiveCfg = Release|Any CPU
		{1F30C2AF-E89C-43B1-9215-95BE5B949349}.Release|Any CPU.Build.0 = Release|Any CPU
		{B6B94A02-C5F8-4407-882A-44FEC5549213}.Debug|Any CPU.ActiveCfg = Debug|Any CPU
		{B6B94A02-C5F8-4407-882A-44FEC5549213}.Debug|Any CPU.Build.0 = Debug|Any CPU
		{B6B94A02-C5F8-4407-882A-44FEC5549213}.Release|Any CPU.ActiveCfg = Release|Any CPU
		{B6B94A02-C5F8-4407-882A-44FEC5549213}.Release|Any CPU.Build.0 = Release|Any CPU
	EndGlobalSection
	GlobalSection(SolutionProperties) = preSolution
		HideSolutionNode = FALSE
	EndGlobalSection
	GlobalSection(ExtensibilityGlobals) = postSolution
		SolutionGuid = {8A22B79C-F9FD-48F6-A191-451C6318ADEA}
	EndGlobalSection
EndGlobal
